
Microsoft Visual Studio Solution File, Format Version 12.00
# Visual Studio Version 16
VisualStudioVersion = 16.0.34931.43
MinimumVisualStudioVersion = 10.0.40219.1
Project("{FAE04EC0-301F-11D3-BF4B-00C04F79EFBC}") = "login_database", "login_database\login_database.csproj", "{A548DA68-6301-4356-A49E-F19734F0D172}"
EndProject
Global
	GlobalSection(SolutionConfigurationPlatforms) = preSolution
		Debug|Any CPU = Debug|Any CPU
		Release|Any CPU = Release|Any CPU
	EndGlobalSection
	GlobalSection(ProjectConfigurationPlatforms) = postSolution
		{A548DA68-6301-4356-A49E-F19734F0D172}.Debug|Any CPU.ActiveCfg = Debug|Any CPU
		{A548DA68-6301-4356-A49E-F19734F0D172}.Debug|Any CPU.Build.0 = Debug|Any CPU
		{A548DA68-6301-4356-A49E-F19734F0D172}.Release|Any CPU.ActiveCfg = Release|Any CPU
		{A548DA68-6301-4356-A49E-F19734F0D172}.Release|Any CPU.Build.0 = Release|Any CPU
	EndGlobalSection
	GlobalSection(SolutionProperties) = preSolution
		HideSolutionNode = FALSE
	EndGlobalSection
	GlobalSection(ExtensibilityGlobals) = postSolution
		SolutionGuid = {B8A1A4D8-59DD-4367-BB74-1D8150801BB0}
	EndGlobalSection
EndGlobal
